
Microsoft Visual Studio Solution File, Format Version 12.00
# Visual Studio Version 17
VisualStudioVersion = 17.8.34330.188
MinimumVisualStudioVersion = 10.0.40219.1
Project("{FAE04EC0-301F-11D3-BF4B-00C04F79EFBC}") = "YahtzeeJack", "YahtzeeJack.csproj", "{D813890B-1DB5-41E1-B8B1-5653535C4AFA}"
EndProject
Global
	GlobalSection(SolutionConfigurationPlatforms) = preSolution
		Debug|Any CPU = Debug|Any CPU
		Release|Any CPU = Release|Any CPU
	EndGlobalSection
	GlobalSection(ProjectConfigurationPlatforms) = postSolution
		{D813890B-1DB5-41E1-B8B1-5653535C4AFA}.Debug|Any CPU.ActiveCfg = Debug|Any CPU
		{D813890B-1DB5-41E1-B8B1-5653535C4AFA}.Debug|Any CPU.Build.0 = Debug|Any CPU
		{D813890B-1DB5-41E1-B8B1-5653535C4AFA}.Release|Any CPU.ActiveCfg = Release|Any CPU
		{D813890B-1DB5-41E1-B8B1-5653535C4AFA}.Release|Any CPU.Build.0 = Release|Any CPU
	EndGlobalSection
	GlobalSection(SolutionProperties) = preSolution
		HideSolutionNode = FALSE
	EndGlobalSection
	GlobalSection(ExtensibilityGlobals) = postSolution
		SolutionGuid = {9A9EF66E-915B-47D7-A194-CF025E7D6BFA}
	EndGlobalSection
EndGlobal
